
Microsoft Visual Studio Solution File, Format Version 12.00
# Visual Studio Version 16
VisualStudioVersion = 16.0.34031.81
MinimumVisualStudioVersion = 10.0.40219.1
Project("{2150E333-8FDC-42A3-9474-1A3956D46DE8}") = "Task0", "Task0", "{DF1BC991-CB24-4349-8B2C-33025BFF0F4A}"
EndProject
Project("{FAE04EC0-301F-11D3-BF4B-00C04F79EFBC}") = "Tyuiu.MalsagovUA.Sprint3.Task0.V18", "Tyuiu.MalsagovUA.Sprint3.Task0.V18\Tyuiu.MalsagovUA.Sprint3.Task0.V18.csproj", "{98C89D6F-61B3-470F-ADBE-069CE33FF8F0}"
EndProject
Project("{FAE04EC0-301F-11D3-BF4B-00C04F79EFBC}") = "Tyuiu.MalsagovUA.Sprint3.Task0.V18.Lib", "Tyuiu.MalsagovUA.Sprint3.Task0.V18.Lib\Tyuiu.MalsagovUA.Sprint3.Task0.V18.Lib.csproj", "{5C74ECA9-2A5F-449D-AADA-31BE8F6A0D78}"
EndProject
Project("{FAE04EC0-301F-11D3-BF4B-00C04F79EFBC}") = "Tyuiu.MalsagovUA.Sprint3.Task0.V18.Test", "Tyuiu.MalsagovUA.Sprint3.Task0.V18.Test\Tyuiu.MalsagovUA.Sprint3.Task0.V18.Test.csproj", "{62772D73-4682-42AC-BDAE-A3191F97022E}"
EndProject
Project("{2150E333-8FDC-42A3-9474-1A3956D46DE8}") = "Task1", "Task1", "{50E1CB50-A00D-47DF-B784-6BB5565B3D51}"
EndProject
Project("{FAE04EC0-301F-11D3-BF4B-00C04F79EFBC}") = "Tyuiu.MalsagovUA.Sprint3.Task1.V17", "Tyuiu.MalsagovUA.Sprint3.Task1.V17\Tyuiu.MalsagovUA.Sprint3.Task1.V17.csproj", "{867056A1-CDDB-4A9F-B793-436B22D00E14}"
EndProject
Project("{FAE04EC0-301F-11D3-BF4B-00C04F79EFBC}") = "Tyuiu.MalsagovUA.Sprint3.Task1.V17.Lib", "Tyuiu.MalsagovUA.Sprint3.Task1.V17.Lib\Tyuiu.MalsagovUA.Sprint3.Task1.V17.Lib.csproj", "{BDD91A9D-FE10-4CF1-A450-A5B3368B8540}"
EndProject
Project("{FAE04EC0-301F-11D3-BF4B-00C04F79EFBC}") = "Tyuiu.MalsagovUA.Sprint3.Task1.V17.Test", "Tyuiu.MalsagovUA.Sprint3.Task1.V17.Test\Tyuiu.MalsagovUA.Sprint3.Task1.V17.Test.csproj", "{EEA97255-693E-4362-A1A6-F5D3AF47FBDE}"
EndProject
Project("{2150E333-8FDC-42A3-9474-1A3956D46DE8}") = "Task2", "Task2", "{E19B7370-957E-44E3-9B74-18A97540CCC9}"
EndProject
Project("{FAE04EC0-301F-11D3-BF4B-00C04F79EFBC}") = "Tyuiu.MalsagovUA.Sprint3.Task2.V4", "Tyuiu.MalsagovUA.Sprint3.Task2.V4\Tyuiu.MalsagovUA.Sprint3.Task2.V4.csproj", "{8253B181-79BA-4D5D-BE75-3A2368EF972B}"
EndProject
Project("{FAE04EC0-301F-11D3-BF4B-00C04F79EFBC}") = "Tyuiu.MalsagovUA.Sprint3.Task2.V4.Lib", "Tyuiu.MalsagovUA.Sprint3.Task2.V4.Lib\Tyuiu.MalsagovUA.Sprint3.Task2.V4.Lib.csproj", "{45AFD905-D8C8-4A65-8907-52D832711A92}"
EndProject
Project("{FAE04EC0-301F-11D3-BF4B-00C04F79EFBC}") = "Tyuiu.MalsagovUA.Sprint3.Task2.V4.Test", "Tyuiu.MalsagovUA.Sprint3.Task2.V4.Test\Tyuiu.MalsagovUA.Sprint3.Task2.V4.Test.csproj", "{24802979-1F0E-4835-A0B3-87DCC6970C0B}"
EndProject
Project("{2150E333-8FDC-42A3-9474-1A3956D46DE8}") = "Task3", "Task3", "{7A75C935-C13E-4CBF-BB08-4E29869D359A}"
EndProject
Project("{FAE04EC0-301F-11D3-BF4B-00C04F79EFBC}") = "Tyuiu.MalsagovUA.Sprint3.Task3.V4", "Tyuiu.MalsagovUA.Sprint3.Task3.V4\Tyuiu.MalsagovUA.Sprint3.Task3.V4.csproj", "{FC435589-804A-4D48-BC76-1CD0ED4F546E}"
EndProject
Project("{FAE04EC0-301F-11D3-BF4B-00C04F79EFBC}") = "Tyuiu.MalsagovUA.Sprint3.Task3.V4.Lib", "Tyuiu.MalsagovUA.Sprint3.Task3.V4.Lib\Tyuiu.MalsagovUA.Sprint3.Task3.V4.Lib.csproj", "{B0F0BE7F-333A-424C-98AB-6B1D4AFD23B5}"
EndProject
Project("{FAE04EC0-301F-11D3-BF4B-00C04F79EFBC}") = "Tyuiu.MalsagovUA.Sprint3.Task3.V4.Test", "Tyuiu.MalsagovUA.Sprint3.Task3.V4.Test\Tyuiu.MalsagovUA.Sprint3.Task3.V4.Test.csproj", "{9FA544D2-0267-4FC8-B219-CA8B2339F6B3}"
EndProject
Project("{2150E333-8FDC-42A3-9474-1A3956D46DE8}") = "Task4", "Task4", "{2F84E4AF-8744-4D9C-9B47-E3360C4D57EE}"
EndProject
Project("{FAE04EC0-301F-11D3-BF4B-00C04F79EFBC}") = "Tyuiu.MalsagovUA.Sprint3.Task4.V29", "Tyuiu.MalsagovUA.Sprint3.Task4.V29\Tyuiu.MalsagovUA.Sprint3.Task4.V29.csproj", "{DAF1163E-822F-47CA-8F53-94E2E94C44FD}"
EndProject
Project("{FAE04EC0-301F-11D3-BF4B-00C04F79EFBC}") = "Tyuiu.MalsagovUA.Sprint3.Task4.V29.Lib", "Tyuiu.MalsagovUA.Sprint3.Task4.V29.Lib\Tyuiu.MalsagovUA.Sprint3.Task4.V29.Lib.csproj", "{9960EA13-504C-4A0D-99C9-E7FD9E8432CB}"
EndProject
Project("{FAE04EC0-301F-11D3-BF4B-00C04F79EFBC}") = "Tyuiu.MalsagovUA.Sprint3.Task4.V29.Test", "Tyuiu.MalsagovUA.Sprint3.Task4.V29.Test\Tyuiu.MalsagovUA.Sprint3.Task4.V29.Test.csproj", "{E62E5B30-DC69-416B-9DB2-94684D998DE8}"
EndProject
Project("{2150E333-8FDC-42A3-9474-1A3956D46DE8}") = "Task5", "Task5", "{57D37607-1069-4923-B591-1AF4BFA84A97}"
EndProject
Project("{FAE04EC0-301F-11D3-BF4B-00C04F79EFBC}") = "Tyuiu.MalsagovUA.Sprint3.Task5.V6", "Tyuiu.MalsagovUA.Sprint3.Task5.V6\Tyuiu.MalsagovUA.Sprint3.Task5.V6.csproj", "{1DEF8AE2-6A83-4F07-8CC8-E85B385D2F15}"
EndProject
Project("{FAE04EC0-301F-11D3-BF4B-00C04F79EFBC}") = "Tyuiu.MalsagovUA.Sprint3.Task5.V6.Lib", "Tyuiu.MalsagovUA.Sprint3.Task5.V6.Lib\Tyuiu.MalsagovUA.Sprint3.Task5.V6.Lib.csproj", "{FA1BD733-19E5-48FC-9CFA-F5E15199A627}"
EndProject
Project("{FAE04EC0-301F-11D3-BF4B-00C04F79EFBC}") = "Tyuiu.MalsagovUA.Sprint3.Task5.V6.Test", "Tyuiu.MalsagovUA.Sprint3.Task5.V6.Test\Tyuiu.MalsagovUA.Sprint3.Task5.V6.Test.csproj", "{817F4324-6904-4E41-93C2-30B58D1E1B80}"
EndProject
Project("{2150E333-8FDC-42A3-9474-1A3956D46DE8}") = "Task6", "Task6", "{7AC839C6-1C03-4EFC-8EA5-43B5016CC5E4}"
EndProject
Project("{FAE04EC0-301F-11D3-BF4B-00C04F79EFBC}") = "Tyuiu.MalsagovUA.Sprint3.Task6.V11", "Tyuiu.MalsagovUA.Sprint3.Task6.V11\Tyuiu.MalsagovUA.Sprint3.Task6.V11.csproj", "{976F8DD1-7BBD-401F-AE47-80A69F552BFF}"
EndProject
Project("{FAE04EC0-301F-11D3-BF4B-00C04F79EFBC}") = "Tyuiu.MalsagovUA.Sprint3.Task6.V11.Lib", "Tyuiu.MalsagovUA.Sprint3.Task6.V11.Lib\Tyuiu.MalsagovUA.Sprint3.Task6.V11.Lib.csproj", "{DBC3DD44-3B4C-42A3-815F-56EAA2EAAF68}"
EndProject
Project("{FAE04EC0-301F-11D3-BF4B-00C04F79EFBC}") = "Tyuiu.MalsagovUA.Sprint3.Task6.V11.Test", "Tyuiu.MalsagovUA.Sprint3.Task6.V11.Test\Tyuiu.MalsagovUA.Sprint3.Task6.V11.Test.csproj", "{76C91E15-E6D5-4487-AA4E-48ABC643E209}"
EndProject
Project("{2150E333-8FDC-42A3-9474-1A3956D46DE8}") = "Task7", "Task7", "{38EB3A65-2AF2-4999-98FF-FFE71BCE914B}"
EndProject
Project("{FAE04EC0-301F-11D3-BF4B-00C04F79EFBC}") = "Tyuiu.MalsagovUA.Sprint3.Task7.V5", "Tyuiu.MalsagovUA.Sprint3.Task7.V5\Tyuiu.MalsagovUA.Sprint3.Task7.V5.csproj", "{2DA9BECF-C544-47EE-90E7-1116210D260A}"
EndProject
Project("{FAE04EC0-301F-11D3-BF4B-00C04F79EFBC}") = "Tyuiu.MalsagovUA.Sprint3.Task7.V5.Lib", "Tyuiu.MalsagovUA.Sprint3.Task7.V5.Lib\Tyuiu.MalsagovUA.Sprint3.Task7.V5.Lib.csproj", "{EEAA0D30-2B02-4DD9-B2C9-92915C9864C6}"
EndProject
Project("{FAE04EC0-301F-11D3-BF4B-00C04F79EFBC}") = "Tyuiu.MalsagovUA.Sprint3.Task7.V5.Test", "Tyuiu.MalsagovUA.Sprint3.Task7.V5.Test\Tyuiu.MalsagovUA.Sprint3.Task7.V5.Test.csproj", "{42B0F8EA-9CF9-408C-8CC3-6AF72FA9833B}"
EndProject
Global
	GlobalSection(SolutionConfigurationPlatforms) = preSolution
		Debug|Any CPU = Debug|Any CPU
		Release|Any CPU = Release|Any CPU
	EndGlobalSection
	GlobalSection(ProjectConfigurationPlatforms) = postSolution
		{98C89D6F-61B3-470F-ADBE-069CE33FF8F0}.Debug|Any CPU.ActiveCfg = Debug|Any CPU
		{98C89D6F-61B3-470F-ADBE-069CE33FF8F0}.Debug|Any CPU.Build.0 = Debug|Any CPU
		{98C89D6F-61B3-470F-ADBE-069CE33FF8F0}.Release|Any CPU.ActiveCfg = Release|Any CPU
		{98C89D6F-61B3-470F-ADBE-069CE33FF8F0}.Release|Any CPU.Build.0 = Release|Any CPU
		{5C74ECA9-2A5F-449D-AADA-31BE8F6A0D78}.Debug|Any CPU.ActiveCfg = Debug|Any CPU
		{5C74ECA9-2A5F-449D-AADA-31BE8F6A0D78}.Debug|Any CPU.Build.0 = Debug|Any CPU
		{5C74ECA9-2A5F-449D-AADA-31BE8F6A0D78}.Release|Any CPU.ActiveCfg = Release|Any CPU
		{5C74ECA9-2A5F-449D-AADA-31BE8F6A0D78}.Release|Any CPU.Build.0 = Release|Any CPU
		{62772D73-4682-42AC-BDAE-A3191F97022E}.Debug|Any CPU.ActiveCfg = Debug|Any CPU
		{62772D73-4682-42AC-BDAE-A3191F97022E}.Debug|Any CPU.Build.0 = Debug|Any CPU
		{62772D73-4682-42AC-BDAE-A3191F97022E}.Release|Any CPU.ActiveCfg = Release|Any CPU
		{62772D73-4682-42AC-BDAE-A3191F97022E}.Release|Any CPU.Build.0 = Release|Any CPU
		{867056A1-CDDB-4A9F-B793-436B22D00E14}.Debug|Any CPU.ActiveCfg = Debug|Any CPU
		{867056A1-CDDB-4A9F-B793-436B22D00E14}.Debug|Any CPU.Build.0 = Debug|Any CPU
		{867056A1-CDDB-4A9F-B793-436B22D00E14}.Release|Any CPU.ActiveCfg = Release|Any CPU
		{867056A1-CDDB-4A9F-B793-436B22D00E14}.Release|Any CPU.Build.0 = Release|Any CPU
		{BDD91A9D-FE10-4CF1-A450-A5B3368B8540}.Debug|Any CPU.ActiveCfg = Debug|Any CPU
		{BDD91A9D-FE10-4CF1-A450-A5B3368B8540}.Debug|Any CPU.Build.0 = Debug|Any CPU
		{BDD91A9D-FE10-4CF1-A450-A5B3368B8540}.Release|Any CPU.ActiveCfg = Release|Any CPU
		{BDD91A9D-FE10-4CF1-A450-A5B3368B8540}.Release|Any CPU.Build.0 = Release|Any CPU
		{EEA97255-693E-4362-A1A6-F5D3AF47FBDE}.Debug|Any CPU.ActiveCfg = Debug|Any CPU
		{EEA97255-693E-4362-A1A6-F5D3AF47FBDE}.Debug|Any CPU.Build.0 = Debug|Any CPU
		{EEA97255-693E-4362-A1A6-F5D3AF47FBDE}.Release|Any CPU.ActiveCfg = Release|Any CPU
		{EEA97255-693E-4362-A1A6-F5D3AF47FBDE}.Release|Any CPU.Build.0 = Release|Any CPU
		{8253B181-79BA-4D5D-BE75-3A2368EF972B}.Debug|Any CPU.ActiveCfg = Debug|Any CPU
		{8253B181-79BA-4D5D-BE75-3A2368EF972B}.Debug|Any CPU.Build.0 = Debug|Any CPU
		{8253B181-79BA-4D5D-BE75-3A2368EF972B}.Release|Any CPU.ActiveCfg = Release|Any CPU
		{8253B181-79BA-4D5D-BE75-3A2368EF972B}.Release|Any CPU.Build.0 = Release|Any CPU
		{45AFD905-D8C8-4A65-8907-52D832711A92}.Debug|Any CPU.ActiveCfg = Debug|Any CPU
		{45AFD905-D8C8-4A65-8907-52D832711A92}.Debug|Any CPU.Build.0 = Debug|Any CPU
		{45AFD905-D8C8-4A65-8907-52D832711A92}.Release|Any CPU.ActiveCfg = Release|Any CPU
		{45AFD905-D8C8-4A65-8907-52D832711A92}.Release|Any CPU.Build.0 = Release|Any CPU
		{24802979-1F0E-4835-A0B3-87DCC6970C0B}.Debug|Any CPU.ActiveCfg = Debug|Any CPU
		{24802979-1F0E-4835-A0B3-87DCC6970C0B}.Debug|Any CPU.Build.0 = Debug|Any CPU
		{24802979-1F0E-4835-A0B3-87DCC6970C0B}.Release|Any CPU.ActiveCfg = Release|Any CPU
		{24802979-1F0E-4835-A0B3-87DCC6970C0B}.Release|Any CPU.Build.0 = Release|Any CPU
		{FC435589-804A-4D48-BC76-1CD0ED4F546E}.Debug|Any CPU.ActiveCfg = Debug|Any CPU
		{FC435589-804A-4D48-BC76-1CD0ED4F546E}.Debug|Any CPU.Build.0 = Debug|Any CPU
		{FC435589-804A-4D48-BC76-1CD0ED4F546E}.Release|Any CPU.ActiveCfg = Release|Any CPU
		{FC435589-804A-4D48-BC76-1CD0ED4F546E}.Release|Any CPU.Build.0 = Release|Any CPU
		{B0F0BE7F-333A-424C-98AB-6B1D4AFD23B5}.Debug|Any CPU.ActiveCfg = Debug|Any CPU
		{B0F0BE7F-333A-424C-98AB-6B1D4AFD23B5}.Debug|Any CPU.Build.0 = Debug|Any CPU
		{B0F0BE7F-333A-424C-98AB-6B1D4AFD23B5}.Release|Any CPU.ActiveCfg = Release|Any CPU
		{B0F0BE7F-333A-424C-98AB-6B1D4AFD23B5}.Release|Any CPU.Build.0 = Release|Any CPU
		{9FA544D2-0267-4FC8-B219-CA8B2339F6B3}.Debug|Any CPU.ActiveCfg = Debug|Any CPU
		{9FA544D2-0267-4FC8-B219-CA8B2339F6B3}.Debug|Any CPU.Build.0 = Debug|Any CPU
		{9FA544D2-0267-4FC8-B219-CA8B2339F6B3}.Release|Any CPU.ActiveCfg = Release|Any CPU
		{9FA544D2-0267-4FC8-B219-CA8B2339F6B3}.Release|Any CPU.Build.0 = Release|Any CPU
		{DAF1163E-822F-47CA-8F53-94E2E94C44FD}.Debug|Any CPU.ActiveCfg = Debug|Any CPU
		{DAF1163E-822F-47CA-8F53-94E2E94C44FD}.Debug|Any CPU.Build.0 = Debug|Any CPU
		{DAF1163E-822F-47CA-8F53-94E2E94C44FD}.Release|Any CPU.ActiveCfg = Release|Any CPU
		{DAF1163E-822F-47CA-8F53-94E2E94C44FD}.Release|Any CPU.Build.0 = Release|Any CPU
		{9960EA13-504C-4A0D-99C9-E7FD9E8432CB}.Debug|Any CPU.ActiveCfg = Debug|Any CPU
		{9960EA13-504C-4A0D-99C9-E7FD9E8432CB}.Debug|Any CPU.Build.0 = Debug|Any CPU
		{9960EA13-504C-4A0D-99C9-E7FD9E8432CB}.Release|Any CPU.ActiveCfg = Release|Any CPU
		{9960EA13-504C-4A0D-99C9-E7FD9E8432CB}.Release|Any CPU.Build.0 = Release|Any CPU
		{E62E5B30-DC69-416B-9DB2-94684D998DE8}.Debug|Any CPU.ActiveCfg = Debug|Any CPU
		{E62E5B30-DC69-416B-9DB2-94684D998DE8}.Debug|Any CPU.Build.0 = Debug|Any CPU
		{E62E5B30-DC69-416B-9DB2-94684D998DE8}.Release|Any CPU.ActiveCfg = Release|Any CPU
		{E62E5B30-DC69-416B-9DB2-94684D998DE8}.Release|Any CPU.Build.0 = Release|Any CPU
		{1DEF8AE2-6A83-4F07-8CC8-E85B385D2F15}.Debug|Any CPU.ActiveCfg = Debug|Any CPU
		{1DEF8AE2-6A83-4F07-8CC8-E85B385D2F15}.Debug|Any CPU.Build.0 = Debug|Any CPU
		{1DEF8AE2-6A83-4F07-8CC8-E85B385D2F15}.Release|Any CPU.ActiveCfg = Release|Any CPU
		{1DEF8AE2-6A83-4F07-8CC8-E85B385D2F15}.Release|Any CPU.Build.0 = Release|Any CPU
		{FA1BD733-19E5-48FC-9CFA-F5E15199A627}.Debug|Any CPU.ActiveCfg = Debug|Any CPU
		{FA1BD733-19E5-48FC-9CFA-F5E15199A627}.Debug|Any CPU.Build.0 = Debug|Any CPU
		{FA1BD733-19E5-48FC-9CFA-F5E15199A627}.Release|Any CPU.ActiveCfg = Release|Any CPU
		{FA1BD733-19E5-48FC-9CFA-F5E15199A627}.Release|Any CPU.Build.0 = Release|Any CPU
		{817F4324-6904-4E41-93C2-30B58D1E1B80}.Debug|Any CPU.ActiveCfg = Debug|Any CPU
		{817F4324-6904-4E41-93C2-30B58D1E1B80}.Debug|Any CPU.Build.0 = Debug|Any CPU
		{817F4324-6904-4E41-93C2-30B58D1E1B80}.Release|Any CPU.ActiveCfg = Release|Any CPU
		{817F4324-6904-4E41-93C2-30B58D1E1B80}.Release|Any CPU.Build.0 = Release|Any CPU
		{976F8DD1-7BBD-401F-AE47-80A69F552BFF}.Debug|Any CPU.ActiveCfg = Debug|Any CPU
		{976F8DD1-7BBD-401F-AE47-80A69F552BFF}.Debug|Any CPU.Build.0 = Debug|Any CPU
		{976F8DD1-7BBD-401F-AE47-80A69F552BFF}.Release|Any CPU.ActiveCfg = Release|Any CPU
		{976F8DD1-7BBD-401F-AE47-80A69F552BFF}.Release|Any CPU.Build.0 = Release|Any CPU
		{DBC3DD44-3B4C-42A3-815F-56EAA2EAAF68}.Debug|Any CPU.ActiveCfg = Debug|Any CPU
		{DBC3DD44-3B4C-42A3-815F-56EAA2EAAF68}.Debug|Any CPU.Build.0 = Debug|Any CPU
		{DBC3DD44-3B4C-42A3-815F-56EAA2EAAF68}.Release|Any CPU.ActiveCfg = Release|Any CPU
		{DBC3DD44-3B4C-42A3-815F-56EAA2EAAF68}.Release|Any CPU.Build.0 = Release|Any CPU
		{76C91E15-E6D5-4487-AA4E-48ABC643E209}.Debug|Any CPU.ActiveCfg = Debug|Any CPU
		{76C91E15-E6D5-4487-AA4E-48ABC643E209}.Debug|Any CPU.Build.0 = Debug|Any CPU
		{76C91E15-E6D5-4487-AA4E-48ABC643E209}.Release|Any CPU.ActiveCfg = Release|Any CPU
		{76C91E15-E6D5-4487-AA4E-48ABC643E209}.Release|Any CPU.Build.0 = Release|Any CPU
		{2DA9BECF-C544-47EE-90E7-1116210D260A}.Debug|Any CPU.ActiveCfg = Debug|Any CPU
		{2DA9BECF-C544-47EE-90E7-1116210D260A}.Debug|Any CPU.Build.0 = Debug|Any CPU
		{2DA9BECF-C544-47EE-90E7-1116210D260A}.Release|Any CPU.ActiveCfg = Release|Any CPU
		{2DA9BECF-C544-47EE-90E7-1116210D260A}.Release|Any CPU.Build.0 = Release|Any CPU
		{EEAA0D30-2B02-4DD9-B2C9-92915C9864C6}.Debug|Any CPU.ActiveCfg = Debug|Any CPU
		{EEAA0D30-2B02-4DD9-B2C9-92915C9864C6}.Debug|Any CPU.Build.0 = Debug|Any CPU
		{EEAA0D30-2B02-4DD9-B2C9-92915C9864C6}.Release|Any CPU.ActiveCfg = Release|Any CPU
		{EEAA0D30-2B02-4DD9-B2C9-92915C9864C6}.Release|Any CPU.Build.0 = Release|Any CPU
		{42B0F8EA-9CF9-408C-8CC3-6AF72FA9833B}.Debug|Any CPU.ActiveCfg = Debug|Any CPU
		{42B0F8EA-9CF9-408C-8CC3-6AF72FA9833B}.Debug|Any CPU.Build.0 = Debug|Any CPU
		{42B0F8EA-9CF9-408C-8CC3-6AF72FA9833B}.Release|Any CPU.ActiveCfg = Release|Any CPU
		{42B0F8EA-9CF9-408C-8CC3-6AF72FA9833B}.Release|Any CPU.Build.0 = Release|Any CPU
	EndGlobalSection
	GlobalSection(SolutionProperties) = preSolution
		HideSolutionNode = FALSE
	EndGlobalSection
	GlobalSection(NestedProjects) = preSolution
		{98C89D6F-61B3-470F-ADBE-069CE33FF8F0} = {DF1BC991-CB24-4349-8B2C-33025BFF0F4A}
		{5C74ECA9-2A5F-449D-AADA-31BE8F6A0D78} = {DF1BC991-CB24-4349-8B2C-33025BFF0F4A}
		{62772D73-4682-42AC-BDAE-A3191F97022E} = {DF1BC991-CB24-4349-8B2C-33025BFF0F4A}
		{867056A1-CDDB-4A9F-B793-436B22D00E14} = {50E1CB50-A00D-47DF-B784-6BB5565B3D51}
		{BDD91A9D-FE10-4CF1-A450-A5B3368B8540} = {50E1CB50-A00D-47DF-B784-6BB5565B3D51}
		{EEA97255-693E-4362-A1A6-F5D3AF47FBDE} = {50E1CB50-A00D-47DF-B784-6BB5565B3D51}
		{8253B181-79BA-4D5D-BE75-3A2368EF972B} = {E19B7370-957E-44E3-9B74-18A97540CCC9}
		{45AFD905-D8C8-4A65-8907-52D832711A92} = {E19B7370-957E-44E3-9B74-18A97540CCC9}
		{24802979-1F0E-4835-A0B3-87DCC6970C0B} = {E19B7370-957E-44E3-9B74-18A97540CCC9}
		{FC435589-804A-4D48-BC76-1CD0ED4F546E} = {7A75C935-C13E-4CBF-BB08-4E29869D359A}
		{B0F0BE7F-333A-424C-98AB-6B1D4AFD23B5} = {7A75C935-C13E-4CBF-BB08-4E29869D359A}
		{9FA544D2-0267-4FC8-B219-CA8B2339F6B3} = {7A75C935-C13E-4CBF-BB08-4E29869D359A}
		{DAF1163E-822F-47CA-8F53-94E2E94C44FD} = {2F84E4AF-8744-4D9C-9B47-E3360C4D57EE}
		{9960EA13-504C-4A0D-99C9-E7FD9E8432CB} = {2F84E4AF-8744-4D9C-9B47-E3360C4D57EE}
		{E62E5B30-DC69-416B-9DB2-94684D998DE8} = {2F84E4AF-8744-4D9C-9B47-E3360C4D57EE}
		{1DEF8AE2-6A83-4F07-8CC8-E85B385D2F15} = {57D37607-1069-4923-B591-1AF4BFA84A97}
		{FA1BD733-19E5-48FC-9CFA-F5E15199A627} = {57D37607-1069-4923-B591-1AF4BFA84A97}
		{817F4324-6904-4E41-93C2-30B58D1E1B80} = {57D37607-1069-4923-B591-1AF4BFA84A97}
		{976F8DD1-7BBD-401F-AE47-80A69F552BFF} = {7AC839C6-1C03-4EFC-8EA5-43B5016CC5E4}
		{DBC3DD44-3B4C-42A3-815F-56EAA2EAAF68} = {7AC839C6-1C03-4EFC-8EA5-43B5016CC5E4}
		{76C91E15-E6D5-4487-AA4E-48ABC643E209} = {7AC839C6-1C03-4EFC-8EA5-43B5016CC5E4}
		{2DA9BECF-C544-47EE-90E7-1116210D260A} = {38EB3A65-2AF2-4999-98FF-FFE71BCE914B}
		{EEAA0D30-2B02-4DD9-B2C9-92915C9864C6} = {38EB3A65-2AF2-4999-98FF-FFE71BCE914B}
		{42B0F8EA-9CF9-408C-8CC3-6AF72FA9833B} = {38EB3A65-2AF2-4999-98FF-FFE71BCE914B}
	EndGlobalSection
	GlobalSection(ExtensibilityGlobals) = postSolution
		SolutionGuid = {1016B69E-7C7C-4333-A465-911BBFADD1F4}
	EndGlobalSection
EndGlobal
